{
  "originHash" : "edf2bf5c239f02fee429213b0593f6aad72c61df1f14bd8756380a1ba626ab7a",
  "pins" : [
    {
      "identity" : "fitscore",
      "kind" : "remoteSourceControl",
      "location" : "https://github.com/andreasjk/fitscore.git",
      "state" : {
        "revision" : "5419a16d2dfa945caaa95402650811ac7c8cb6fc",
        "version" : "0.3.2"
      }
    },
    {
      "identity" : "fitskit",
      "kind" : "remoteSourceControl",
      "location" : "https://github.com/ifeLight/fitskit.git",
      "state" : {
        "branch" : "master",
        "revision" : "66f257f88adb69f9cef1605daa35987e29d52a13"
      }
    },
    {
      "identity" : "swift-numerics",
      "kind" : "remoteSourceControl",
      "location" : "https://github.com/apple/swift-numerics",
      "state" : {
        "revision" : "6583ac70c326c3ee080c1d42d9ca3361dca816cd",
        "version" : "0.1.0"
      }
    },
    {
      "identity" : "swiftqvalue",
      "kind" : "remoteSourceControl",
      "location" : "https://github.com/triple7/SwiftQValue",
      "state" : {
        "branch" : "main",
        "revision" : "c0973ee242bbe57dd9e7e0a91ceb36073c849e98"
      }
    }
  ],
  "version" : 3
}
