{
  "originHash" : "f7ed6b02314849f003cce9f785ddf31cbe15465d1ebf89144606116931f46636",
  "pins" : [
    {
      "identity" : "fitscore",
      "kind" : "remoteSourceControl",
      "location" : "https://github.com/brampf/fitscore.git",
      "state" : {
        "branch" : "master",
        "revision" : "93a1f0c7056a323b9f27cb618c83f64d458edb7b"
      }
    },
    {
      "identity" : "fitskit",
      "kind" : "remoteSourceControl",
      "location" : "https://github.com/brampf/fitskit.git",
      "state" : {
        "branch" : "master",
        "revision" : "0e4094ed8c45d094551c519d4e36d466ea900de6"
      }
    },
    {
      "identity" : "swift-numerics",
      "kind" : "remoteSourceControl",
      "location" : "https://github.com/apple/swift-numerics",
      "state" : {
        "revision" : "6583ac70c326c3ee080c1d42d9ca3361dca816cd",
        "version" : "0.1.0"
      }
    },
    {
      "identity" : "swiftqvalue",
      "kind" : "remoteSourceControl",
      "location" : "https://github.com/triple7/SwiftQValue",
      "state" : {
        "branch" : "main",
        "revision" : "c0973ee242bbe57dd9e7e0a91ceb36073c849e98"
      }
    }
  ],
  "version" : 3
}
